
Microsoft Visual Studio Solution File, Format Version 12.00
# Visual Studio Version 16
VisualStudioVersion = 16.0.29613.14
MinimumVisualStudioVersion = 15.0.26124.0
Project("{2150E333-8FDC-42A3-9474-1A3956D46DE8}") = "0 - Src", "0 - Src", "{1077BD26-F4AF-4584-B782-6E060D9D1AC7}"
EndProject
Project("{2150E333-8FDC-42A3-9474-1A3956D46DE8}") = "1 - Service", "1 - Service", "{A10F67BD-1B5F-454E-BDF6-014927701316}"
EndProject
Project("{2150E333-8FDC-42A3-9474-1A3956D46DE8}") = "2 - Application", "2 - Application", "{ACABA25E-C2A0-400B-97F4-84463D25FF88}"
EndProject
Project("{2150E333-8FDC-42A3-9474-1A3956D46DE8}") = "3 - Domain", "3 - Domain", "{79E30536-BC59-4D43-B52E-D66506FEE7E6}"
EndProject
Project("{2150E333-8FDC-42A3-9474-1A3956D46DE8}") = "4 - Infra", "4 - Infra", "{2D526E77-83C6-431D-A55E-1C256B3BC1C2}"
EndProject
Project("{2150E333-8FDC-42A3-9474-1A3956D46DE8}") = "1 - Test", "1 - Test", "{187B7B14-7FFA-4E72-971E-097FCAFFB5C8}"
EndProject
Project("{FAE04EC0-301F-11D3-BF4B-00C04F79EFBC}") = "Youtube.WebApi", "Youtube.WebApi\Youtube.WebApi.csproj", "{EB868718-261F-4FBE-94C3-FA66663CBE7B}"
EndProject
Project("{2150E333-8FDC-42A3-9474-1A3956D46DE8}") = "0 - Presentation", "0 - Presentation", "{6CBFDCA3-0EF1-4F1B-9569-18CCC5B4E132}"
EndProject
Project("{FAE04EC0-301F-11D3-BF4B-00C04F79EFBC}") = "Youtube.Application", "Youtube.Application\Youtube.Application.csproj", "{F2BF5C75-3453-47DD-99C6-44A2698EE6C6}"
EndProject
Project("{FAE04EC0-301F-11D3-BF4B-00C04F79EFBC}") = "Youtube.Command", "Youtube.Command\Youtube.Command.csproj", "{F58673A5-C42E-4BF2-BD60-29B5DCB59423}"
EndProject
Project("{FAE04EC0-301F-11D3-BF4B-00C04F79EFBC}") = "Youtube.Domain", "Youtube.Domain\Youtube.Domain.csproj", "{56F8534D-7DA9-4F36-8828-0E7826227C8D}"
EndProject
Project("{FAE04EC0-301F-11D3-BF4B-00C04F79EFBC}") = "Youtube.Event", "Youtube.Event\Youtube.Event.csproj", "{D589C245-555A-4232-8A01-82BF3F8A9907}"
EndProject
Project("{FAE04EC0-301F-11D3-BF4B-00C04F79EFBC}") = "Youtube.Kernell", "Youtube.Kernell\Youtube.Kernell.csproj", "{64F86A50-7A58-4011-A5F5-9BBABEB1FDAD}"
EndProject
Project("{2150E333-8FDC-42A3-9474-1A3956D46DE8}") = "4.1 - Data", "4.1 - Data", "{D6B0AA0C-5EF2-4DB7-B660-BB1BEE82C719}"
EndProject
Project("{2150E333-8FDC-42A3-9474-1A3956D46DE8}") = "4.2 - Crosscutting", "4.2 - Crosscutting", "{06323229-A86D-4F82-B8D7-D57C4A5B76B7}"
EndProject
Project("{FAE04EC0-301F-11D3-BF4B-00C04F79EFBC}") = "Youtube.Infra.Data", "Youtube.Infra.Data\Youtube.Infra.Data.csproj", "{8F6FE70F-BB95-421A-A836-10A5BAD1A017}"
EndProject
Project("{FAE04EC0-301F-11D3-BF4B-00C04F79EFBC}") = "Youtube.Crosscuting.ExternalServices", "Youtube.Crosscuting.ExternalServices\Youtube.Crosscuting.ExternalServices.csproj", "{7BFEE109-7B4C-402C-B30D-CE28B4262947}"
EndProject
Project("{FAE04EC0-301F-11D3-BF4B-00C04F79EFBC}") = "Youtube.Crosscutting.Ioc", "Youtube.Crosscutting.Ioc\Youtube.Crosscutting.Ioc.csproj", "{F3D1718C-2C76-4E77-8F45-DA5462245A86}"
EndProject
Project("{FAE04EC0-301F-11D3-BF4B-00C04F79EFBC}") = "Youtube.Crosscutting.Mapping", "Youtube.Crosscutting.Mapping\Youtube.Crosscutting.Mapping.csproj", "{A5A7D655-4BCC-41EF-900A-0D13C78F7FB2}"
EndProject
Project("{FAE04EC0-301F-11D3-BF4B-00C04F79EFBC}") = "Youtube.Crosscutting.Utils", "Youtube.Crosscutting.Utils\Youtube.Crosscutting.Utils.csproj", "{9107CA73-757D-4900-8448-CA872E1C9195}"
EndProject
Project("{2150E333-8FDC-42A3-9474-1A3956D46DE8}") = "1.1 - Unit", "1.1 - Unit", "{93F5DF97-9F0E-4D8E-A73A-9C68E2D65860}"
EndProject
Project("{FAE04EC0-301F-11D3-BF4B-00C04F79EFBC}") = "Youtube.Test.Unit", "Youtube.Test.Unit\Youtube.Test.Unit.csproj", "{10E9A814-C6A8-4F55-97D1-C1A518DC3B29}"
EndProject
Global
	GlobalSection(SolutionConfigurationPlatforms) = preSolution
		Debug|Any CPU = Debug|Any CPU
		Release|Any CPU = Release|Any CPU
	EndGlobalSection
	GlobalSection(ProjectConfigurationPlatforms) = postSolution
		{EB868718-261F-4FBE-94C3-FA66663CBE7B}.Debug|Any CPU.ActiveCfg = Debug|Any CPU
		{EB868718-261F-4FBE-94C3-FA66663CBE7B}.Debug|Any CPU.Build.0 = Debug|Any CPU
		{EB868718-261F-4FBE-94C3-FA66663CBE7B}.Release|Any CPU.ActiveCfg = Release|Any CPU
		{EB868718-261F-4FBE-94C3-FA66663CBE7B}.Release|Any CPU.Build.0 = Release|Any CPU
		{F2BF5C75-3453-47DD-99C6-44A2698EE6C6}.Debug|Any CPU.ActiveCfg = Debug|Any CPU
		{F2BF5C75-3453-47DD-99C6-44A2698EE6C6}.Debug|Any CPU.Build.0 = Debug|Any CPU
		{F2BF5C75-3453-47DD-99C6-44A2698EE6C6}.Release|Any CPU.ActiveCfg = Release|Any CPU
		{F2BF5C75-3453-47DD-99C6-44A2698EE6C6}.Release|Any CPU.Build.0 = Release|Any CPU
		{F58673A5-C42E-4BF2-BD60-29B5DCB59423}.Debug|Any CPU.ActiveCfg = Debug|Any CPU
		{F58673A5-C42E-4BF2-BD60-29B5DCB59423}.Debug|Any CPU.Build.0 = Debug|Any CPU
		{F58673A5-C42E-4BF2-BD60-29B5DCB59423}.Release|Any CPU.ActiveCfg = Release|Any CPU
		{F58673A5-C42E-4BF2-BD60-29B5DCB59423}.Release|Any CPU.Build.0 = Release|Any CPU
		{56F8534D-7DA9-4F36-8828-0E7826227C8D}.Debug|Any CPU.ActiveCfg = Debug|Any CPU
		{56F8534D-7DA9-4F36-8828-0E7826227C8D}.Debug|Any CPU.Build.0 = Debug|Any CPU
		{56F8534D-7DA9-4F36-8828-0E7826227C8D}.Release|Any CPU.ActiveCfg = Release|Any CPU
		{56F8534D-7DA9-4F36-8828-0E7826227C8D}.Release|Any CPU.Build.0 = Release|Any CPU
		{D589C245-555A-4232-8A01-82BF3F8A9907}.Debug|Any CPU.ActiveCfg = Debug|Any CPU
		{D589C245-555A-4232-8A01-82BF3F8A9907}.Debug|Any CPU.Build.0 = Debug|Any CPU
		{D589C245-555A-4232-8A01-82BF3F8A9907}.Release|Any CPU.ActiveCfg = Release|Any CPU
		{D589C245-555A-4232-8A01-82BF3F8A9907}.Release|Any CPU.Build.0 = Release|Any CPU
		{64F86A50-7A58-4011-A5F5-9BBABEB1FDAD}.Debug|Any CPU.ActiveCfg = Debug|Any CPU
		{64F86A50-7A58-4011-A5F5-9BBABEB1FDAD}.Debug|Any CPU.Build.0 = Debug|Any CPU
		{64F86A50-7A58-4011-A5F5-9BBABEB1FDAD}.Release|Any CPU.ActiveCfg = Release|Any CPU
		{64F86A50-7A58-4011-A5F5-9BBABEB1FDAD}.Release|Any CPU.Build.0 = Release|Any CPU
		{8F6FE70F-BB95-421A-A836-10A5BAD1A017}.Debug|Any CPU.ActiveCfg = Debug|Any CPU
		{8F6FE70F-BB95-421A-A836-10A5BAD1A017}.Debug|Any CPU.Build.0 = Debug|Any CPU
		{8F6FE70F-BB95-421A-A836-10A5BAD1A017}.Release|Any CPU.ActiveCfg = Release|Any CPU
		{8F6FE70F-BB95-421A-A836-10A5BAD1A017}.Release|Any CPU.Build.0 = Release|Any CPU
		{7BFEE109-7B4C-402C-B30D-CE28B4262947}.Debug|Any CPU.ActiveCfg = Debug|Any CPU
		{7BFEE109-7B4C-402C-B30D-CE28B4262947}.Debug|Any CPU.Build.0 = Debug|Any CPU
		{7BFEE109-7B4C-402C-B30D-CE28B4262947}.Release|Any CPU.ActiveCfg = Release|Any CPU
		{7BFEE109-7B4C-402C-B30D-CE28B4262947}.Release|Any CPU.Build.0 = Release|Any CPU
		{F3D1718C-2C76-4E77-8F45-DA5462245A86}.Debug|Any CPU.ActiveCfg = Debug|Any CPU
		{F3D1718C-2C76-4E77-8F45-DA5462245A86}.Debug|Any CPU.Build.0 = Debug|Any CPU
		{F3D1718C-2C76-4E77-8F45-DA5462245A86}.Release|Any CPU.ActiveCfg = Release|Any CPU
		{F3D1718C-2C76-4E77-8F45-DA5462245A86}.Release|Any CPU.Build.0 = Release|Any CPU
		{A5A7D655-4BCC-41EF-900A-0D13C78F7FB2}.Debug|Any CPU.ActiveCfg = Debug|Any CPU
		{A5A7D655-4BCC-41EF-900A-0D13C78F7FB2}.Debug|Any CPU.Build.0 = Debug|Any CPU
		{A5A7D655-4BCC-41EF-900A-0D13C78F7FB2}.Release|Any CPU.ActiveCfg = Release|Any CPU
		{A5A7D655-4BCC-41EF-900A-0D13C78F7FB2}.Release|Any CPU.Build.0 = Release|Any CPU
		{9107CA73-757D-4900-8448-CA872E1C9195}.Debug|Any CPU.ActiveCfg = Debug|Any CPU
		{9107CA73-757D-4900-8448-CA872E1C9195}.Debug|Any CPU.Build.0 = Debug|Any CPU
		{9107CA73-757D-4900-8448-CA872E1C9195}.Release|Any CPU.ActiveCfg = Release|Any CPU
		{9107CA73-757D-4900-8448-CA872E1C9195}.Release|Any CPU.Build.0 = Release|Any CPU
		{10E9A814-C6A8-4F55-97D1-C1A518DC3B29}.Debug|Any CPU.ActiveCfg = Debug|Any CPU
		{10E9A814-C6A8-4F55-97D1-C1A518DC3B29}.Debug|Any CPU.Build.0 = Debug|Any CPU
		{10E9A814-C6A8-4F55-97D1-C1A518DC3B29}.Release|Any CPU.ActiveCfg = Release|Any CPU
		{10E9A814-C6A8-4F55-97D1-C1A518DC3B29}.Release|Any CPU.Build.0 = Release|Any CPU
	EndGlobalSection
	GlobalSection(SolutionProperties) = preSolution
		HideSolutionNode = FALSE
	EndGlobalSection
	GlobalSection(NestedProjects) = preSolution
		{A10F67BD-1B5F-454E-BDF6-014927701316} = {1077BD26-F4AF-4584-B782-6E060D9D1AC7}
		{ACABA25E-C2A0-400B-97F4-84463D25FF88} = {1077BD26-F4AF-4584-B782-6E060D9D1AC7}
		{79E30536-BC59-4D43-B52E-D66506FEE7E6} = {1077BD26-F4AF-4584-B782-6E060D9D1AC7}
		{2D526E77-83C6-431D-A55E-1C256B3BC1C2} = {1077BD26-F4AF-4584-B782-6E060D9D1AC7}
		{EB868718-261F-4FBE-94C3-FA66663CBE7B} = {A10F67BD-1B5F-454E-BDF6-014927701316}
		{6CBFDCA3-0EF1-4F1B-9569-18CCC5B4E132} = {1077BD26-F4AF-4584-B782-6E060D9D1AC7}
		{F2BF5C75-3453-47DD-99C6-44A2698EE6C6} = {ACABA25E-C2A0-400B-97F4-84463D25FF88}
		{F58673A5-C42E-4BF2-BD60-29B5DCB59423} = {79E30536-BC59-4D43-B52E-D66506FEE7E6}
		{56F8534D-7DA9-4F36-8828-0E7826227C8D} = {79E30536-BC59-4D43-B52E-D66506FEE7E6}
		{D589C245-555A-4232-8A01-82BF3F8A9907} = {79E30536-BC59-4D43-B52E-D66506FEE7E6}
		{64F86A50-7A58-4011-A5F5-9BBABEB1FDAD} = {79E30536-BC59-4D43-B52E-D66506FEE7E6}
		{D6B0AA0C-5EF2-4DB7-B660-BB1BEE82C719} = {2D526E77-83C6-431D-A55E-1C256B3BC1C2}
		{06323229-A86D-4F82-B8D7-D57C4A5B76B7} = {2D526E77-83C6-431D-A55E-1C256B3BC1C2}
		{8F6FE70F-BB95-421A-A836-10A5BAD1A017} = {D6B0AA0C-5EF2-4DB7-B660-BB1BEE82C719}
		{7BFEE109-7B4C-402C-B30D-CE28B4262947} = {06323229-A86D-4F82-B8D7-D57C4A5B76B7}
		{F3D1718C-2C76-4E77-8F45-DA5462245A86} = {06323229-A86D-4F82-B8D7-D57C4A5B76B7}
		{A5A7D655-4BCC-41EF-900A-0D13C78F7FB2} = {06323229-A86D-4F82-B8D7-D57C4A5B76B7}
		{9107CA73-757D-4900-8448-CA872E1C9195} = {06323229-A86D-4F82-B8D7-D57C4A5B76B7}
		{93F5DF97-9F0E-4D8E-A73A-9C68E2D65860} = {187B7B14-7FFA-4E72-971E-097FCAFFB5C8}
		{10E9A814-C6A8-4F55-97D1-C1A518DC3B29} = {93F5DF97-9F0E-4D8E-A73A-9C68E2D65860}
	EndGlobalSection
	GlobalSection(ExtensibilityGlobals) = postSolution
		SolutionGuid = {3CB36623-2EF3-44F2-9AD0-2848A9F019FC}
	EndGlobalSection
EndGlobal
